<Solution>
  <Folder Name="/_SolutionItems/">
    <File Path=".gitattributes" />
    <File Path=".gitignore" />
    <File Path="Installer/KeyboardMouseHook.aip" />
    <File Path="LICENSE.txt" />
    <File Path="nuget.config" />
    <File Path="README.md" />
  </Folder>
  <Project Path="KeyboardMouseHook/SimpleKeyboardMouseHook.csproj" />
</Solution>
